
Microsoft Visual Studio Solution File, Format Version 12.00
# Visual Studio 15
VisualStudioVersion = 15.0.28010.2003
MinimumVisualStudioVersion = 10.0.40219.1
Project("{FAE04EC0-301F-11D3-BF4B-00C04F79EFBC}") = "NevernoteAPI", "NevernoteAPI\NevernoteAPI.csproj", "{ECF395A5-F907-4D0C-9398-0F0F094F36A8}"
EndProject
Global
	GlobalSection(SolutionConfigurationPlatforms) = preSolution
		Debug|Any CPU = Debug|Any CPU
		Release|Any CPU = Release|Any CPU
	EndGlobalSection
	GlobalSection(ProjectConfigurationPlatforms) = postSolution
		{ECF395A5-F907-4D0C-9398-0F0F094F36A8}.Debug|Any CPU.ActiveCfg = Debug|Any CPU
		{ECF395A5-F907-4D0C-9398-0F0F094F36A8}.Debug|Any CPU.Build.0 = Debug|Any CPU
		{ECF395A5-F907-4D0C-9398-0F0F094F36A8}.Release|Any CPU.ActiveCfg = Release|Any CPU
		{ECF395A5-F907-4D0C-9398-0F0F094F36A8}.Release|Any CPU.Build.0 = Release|Any CPU
	EndGlobalSection
	GlobalSection(SolutionProperties) = preSolution
		HideSolutionNode = FALSE
	EndGlobalSection
	GlobalSection(ExtensibilityGlobals) = postSolution
		SolutionGuid = {EAC34F6F-1E82-4CFE-978F-F66E46622910}
	EndGlobalSection
EndGlobal
